{
  "name": "nswag",
  "version": "14.7.1-dev-20260716-0446",
  "lockfileVersion": 2,
  "requires": true,
  "packages": {
    "": {
      "name": "nswag",
      "version": "14.7.1-dev-20260716-0446",
      "license": "MIT",
      "bin": {
        "nswag": "bin/nswag.js"
      },
      "engines": {
        "npm": ">=3.10.8"
      }
    }
  }
}
